<?xml version="1.0" encoding="utf-8"?>
<Project ToolsVersion="4.0" xmlns="http://schemas.microsoft.com/developer/msbuild/2003">
  <ItemGroup>
    <Filter Include="Header Files">
      <UniqueIdentifier>{93995380-89BD-4b04-88EB-625FBE52EBFB}</UniqueIdentifier>
      <Extensions>h;hh;hpp;hxx;hm;inl;inc;ipp;xsd</Extensions>
    </Filter>
    <Filter Include="GreedyAlgorithm">
      <UniqueIdentifier>{17e01d21-1b16-4c5e-89d7-37d4c19658ac}</UniqueIdentifier>
    </Filter>
    <Filter Include="DynamicProgramming">
      <UniqueIdentifier>{88c36c7c-8a4a-4351-8867-1050a22ebe7e}</UniqueIdentifier>
    </Filter>
    <Filter Include="Backtracking">
      <UniqueIdentifier>{28f301ae-7014-4699-80a6-99454a8a090c}</UniqueIdentifier>
    </Filter>
  </ItemGroup>
  <ItemGroup>
    <ClCompile Include="DP1.cpp">
      <Filter>DynamicProgramming</Filter>
    </ClCompile>
    <ClCompile Include="Greedy.cpp">
      <Filter>GreedyAlgorithm</Filter>
    </ClCompile>
    <ClCompile Include="Source.cpp" />
    <ClCompile Include="backtrack.cpp">
      <Filter>Backtracking</Filter>
    </ClCompile>
  </ItemGroup>
  <ItemGroup>
    <ClInclude Include="common.h">
      <Filter>Header Files</Filter>
    </ClInclude>
  </ItemGroup>
</Project>