
Microsoft Visual Studio Solution File, Format Version 12.00
# Visual Studio 15
VisualStudioVersion = 15.0.27703.2035
MinimumVisualStudioVersion = 10.0.40219.1
Project("{8BC9CEB8-8B4A-11D0-8D11-00A0C91BC942}") = "Algorithms", "Algorithms\Algorithms.vcxproj", "{BE46914F-544E-477B-855F-EB7D72451FFF}"
EndProject
Project("{888888A0-9F3D-457C-B088-3A5042F75D52}") = "Algorithms_Python", "Algorithms_Python\Algorithms_Python.pyproj", "{038BD1BB-BFCD-428F-BB42-321DE37E9918}"
EndProject
Global
	GlobalSection(SolutionConfigurationPlatforms) = preSolution
		Debug|Any CPU = Debug|Any CPU
		Debug|x64 = Debug|x64
		Debug|x86 = Debug|x86
		Release|Any CPU = Release|Any CPU
		Release|x64 = Release|x64
		Release|x86 = Release|x86
	EndGlobalSection
	GlobalSection(ProjectConfigurationPlatforms) = postSolution
		{BE46914F-544E-477B-855F-EB7D72451FFF}.Debug|Any CPU.ActiveCfg = Debug|Win32
		{BE46914F-544E-477B-855F-EB7D72451FFF}.Debug|x64.ActiveCfg = Debug|x64
		{BE46914F-544E-477B-855F-EB7D72451FFF}.Debug|x64.Build.0 = Debug|x64
		{BE46914F-544E-477B-855F-EB7D72451FFF}.Debug|x86.ActiveCfg = Debug|Win32
		{BE46914F-544E-477B-855F-EB7D72451FFF}.Debug|x86.Build.0 = Debug|Win32
		{BE46914F-544E-477B-855F-EB7D72451FFF}.Release|Any CPU.ActiveCfg = Release|Win32
		{BE46914F-544E-477B-855F-EB7D72451FFF}.Release|x64.ActiveCfg = Release|x64
		{BE46914F-544E-477B-855F-EB7D72451FFF}.Release|x64.Build.0 = Release|x64
		{BE46914F-544E-477B-855F-EB7D72451FFF}.Release|x86.ActiveCfg = Release|Win32
		{BE46914F-544E-477B-855F-EB7D72451FFF}.Release|x86.Build.0 = Release|Win32
		{038BD1BB-BFCD-428F-BB42-321DE37E9918}.Debug|Any CPU.ActiveCfg = Debug|Any CPU
		{038BD1BB-BFCD-428F-BB42-321DE37E9918}.Debug|x64.ActiveCfg = Debug|Any CPU
		{038BD1BB-BFCD-428F-BB42-321DE37E9918}.Debug|x86.ActiveCfg = Debug|Any CPU
		{038BD1BB-BFCD-428F-BB42-321DE37E9918}.Release|Any CPU.ActiveCfg = Release|Any CPU
		{038BD1BB-BFCD-428F-BB42-321DE37E9918}.Release|x64.ActiveCfg = Release|Any CPU
		{038BD1BB-BFCD-428F-BB42-321DE37E9918}.Release|x86.ActiveCfg = Release|Any CPU
	EndGlobalSection
	GlobalSection(SolutionProperties) = preSolution
		HideSolutionNode = FALSE
	EndGlobalSection
	GlobalSection(ExtensibilityGlobals) = postSolution
		SolutionGuid = {1C9E907A-9C08-4C7B-96FB-873383F46D12}
	EndGlobalSection
EndGlobal
